{
  "name": "vr",
  "version": "1.0.0",
  "lockfileVersion": 1,
  "requires": true,
  "dependencies": {
    "@vant/weapp": {
      "version": "1.2.1",
      "resolved": "https://registry.npm.taobao.org/@vant/weapp/download/@vant/weapp-1.2.1.tgz",
      "integrity": "sha1-L+PUjmEb/2eeL7EwrhBA9BtGS8w="
    },
    "crypto-js": {
      "version": "4.2.0",
      "resolved": "https://registry.npmmirror.com/crypto-js/-/crypto-js-4.2.0.tgz",
      "integrity": "sha512-KALDyEYgpY+Rlob/iriUtjV6d5Eq+Y191A5g4UqLAi8CyGP9N1+FdVbkc1SxKc2r4YAYqG8JzO2KGL+AizD70Q=="
    }
  }
}
